{
  "version": 4,
  "terraform_version": "1.12.2",
  "serial": 12,
  "lineage": "7936cf09-9e27-18d6-f012-249dfd1615fd",
  "outputs": {},
  "resources": [
    {
      "mode": "managed",
      "type": "azurerm_linux_virtual_machine",
      "name": "web_vm",
      "provider": "provider[\"registry.terraform.io/hashicorp/azurerm\"]",
      "instances": [
        {
          "schema_version": 0,
          "attributes": {
            "additional_capabilities": [],
            "admin_password": null,
            "admin_ssh_key": [
              {
                "public_key": "ssh-rsa AAAAB3NzaC1yc2EAAAADAQABAAACAQCi8CpxmBSNHsmVbi09c15JSLBwurQ1NeWx73UHI8COU1j9ra+zvs4m+UHIwJucMfgBZjaH8x1jPlnMGrkP4JEQqaP6ArO9mgaBIRVeFmrM5vY1P9DT/BAmozksAbVJCXNJUJXKGrKqWFqf05N+j3IjuYc7uUlIg6nU+DQQHtWzeEAgLIOKYv2Ayw4jqtFPcbleN0yxpqx5tvB3GiRmFe25ZAKkD2+/FfQAveZntjatEwdUNAkLn6wk/LKl4T/H51SMNEUuS2HjUN0quqOnaQZKdmLYOVPfViQ56XDThjen4q9aQEcaLs56Ka8+gOaPDZIlB/jxNb7B4UUoYCGde0Epo/jcN8geRdnw6RWaeFz8rYFAXdfeUccDLXOwcBhwkGRdyrd/jhpwuH9aPzG6XQHyOd/Ulizr/Y5pJzgxJ6mx212ucQRWiV/JaNfHAIyqj6br1bzS9ZkzUA6EeAEV5J/rHvykArNIcZY86R+Aln2SkrppBd/HDzSV5jT6p6GCPaDHzAqMD81HuHAWb5kzMhe+yv0ITrmqltgk2YS2wS+1PF11pSqKt3CKqQ3ngdAGHhQKfylKUfqZ2BU8LXkcFaiVeU/uhQfJMo3T/igyLHyi1H2q3tZOMkLIQpg/LzaHkxqzGdU5hhsrR1aZItZqWxDdknJuXEqj/NgfSwfaTrd6RQ== rajus@RAJUS",
                "username": "rajusadmin"
              }
            ],
            "admin_username": "rajusadmin",
            "allow_extension_operations": true,
            "availability_set_id": "",
            "boot_diagnostics": [],
            "bypass_platform_safety_checks_on_user_schedule_enabled": false,
            "capacity_reservation_group_id": "",
            "computer_name": "web-vm",
            "custom_data": "IyEvYmluL2Jhc2gNCmFwdCB1cGRhdGUNCmFwdCBpbnN0YWxsIC15IG5naW54DQplY2hvICI8aDE+V2VsY29tZSB0byBBdXRvbWF0ZWQgV2ViIEhvc3Rpbmc8L2gxPjxwPkRlcGxveWVkIHZpYSBUZXJyYWZvcm0hPC9wPiIgPiAvdmFyL3d3dy9odG1sL2luZGV4Lmh0bWwNCnN5c3RlbWN0bCBlbmFibGUgbmdpbngNCnN5c3RlbWN0bCBzdGFydCBuZ2lueA0K",
            "dedicated_host_group_id": "",
            "dedicated_host_id": "",
            "disable_password_authentication": true,
            "edge_zone": "",
            "encryption_at_host_enabled": false,
            "eviction_policy": "",
            "extensions_time_budget": "PT1H30M",
            "gallery_application": [],
            "id": "/subscriptions/bb97b408-9e37-419f-95a3-84c116ff99bd/resourceGroups/auto-hosting-rg/providers/Microsoft.Compute/virtualMachines/web-vm",
            "identity": [],
            "license_type": "",
            "location": "centralindia",
            "max_bid_price": -1,
            "name": "web-vm",
            "network_interface_ids": [
              "/subscriptions/bb97b408-9e37-419f-95a3-84c116ff99bd/resourceGroups/auto-hosting-rg/providers/Microsoft.Network/networkInterfaces/web-nic"
            ],
            "os_disk": [
              {
                "caching": "ReadWrite",
                "diff_disk_settings": [],
                "disk_encryption_set_id": "",
                "disk_size_gb": 30,
                "name": "web-vm-osdisk",
                "secure_vm_disk_encryption_set_id": "",
                "security_encryption_type": "",
                "storage_account_type": "Standard_LRS",
                "write_accelerator_enabled": false
              }
            ],
            "patch_assessment_mode": "ImageDefault",
            "patch_mode": "ImageDefault",
            "plan": [],
            "platform_fault_domain": -1,
            "priority": "Regular",
            "private_ip_address": "10.0.1.4",
            "private_ip_addresses": [
              "10.0.1.4"
            ],
            "provision_vm_agent": true,
            "proximity_placement_group_id": "",
            "public_ip_address": "98.70.121.44",
            "public_ip_addresses": [
              "98.70.121.44"
            ],
            "reboot_setting": "",
            "resource_group_name": "auto-hosting-rg",
            "secret": [],
            "secure_boot_enabled": false,
            "size": "Standard_B1s",
            "source_image_id": "",
            "source_image_reference": [
              {
                "offer": "0001-com-ubuntu-server-jammy",
                "publisher": "Canonical",
                "sku": "22_04-lts",
                "version": "latest"
              }
            ],
            "tags": {},
            "termination_notification": [],
            "timeouts": null,
            "user_data": "",
            "virtual_machine_id": "6f3ec582-2ee3-4349-a41b-c6e4f7528264",
            "virtual_machine_scale_set_id": "",
            "vtpm_enabled": false,
            "zone": ""
          },
          "sensitive_attributes": [
            [
              {
                "type": "get_attr",
                "value": "admin_password"
              }
            ],
            [
              {
                "type": "get_attr",
                "value": "custom_data"
              }
            ]
          ],
          "identity_schema_version": 0,
          "private": "eyJlMmJmYjczMC1lY2FhLTExZTYtOGY4OC0zNDM2M2JjN2M0YzAiOnsiY3JlYXRlIjoyNzAwMDAwMDAwMDAwLCJkZWxldGUiOjI3MDAwMDAwMDAwMDAsInJlYWQiOjMwMDAwMDAwMDAwMCwidXBkYXRlIjoyNzAwMDAwMDAwMDAwfX0=",
          "dependencies": [
            "azurerm_network_interface.web_nic",
            "azurerm_public_ip.web_ip",
            "azurerm_resource_group.rg",
            "azurerm_subnet.web_subnet",
            "azurerm_virtual_network.vnet"
          ]
        }
      ]
    },
    {
      "mode": "managed",
      "type": "azurerm_network_interface",
      "name": "web_nic",
      "provider": "provider[\"registry.terraform.io/hashicorp/azurerm\"]",
      "instances": [
        {
          "schema_version": 0,
          "attributes": {
            "applied_dns_servers": [],
            "auxiliary_mode": "",
            "auxiliary_sku": "",
            "dns_servers": [],
            "edge_zone": "",
            "enable_accelerated_networking": false,
            "enable_ip_forwarding": false,
            "id": "/subscriptions/bb97b408-9e37-419f-95a3-84c116ff99bd/resourceGroups/auto-hosting-rg/providers/Microsoft.Network/networkInterfaces/web-nic",
            "internal_dns_name_label": "",
            "internal_domain_name_suffix": "sroclbvoxsaefdnihodis05zzb.rx.internal.cloudapp.net",
            "ip_configuration": [
              {
                "gateway_load_balancer_frontend_ip_configuration_id": "",
                "name": "internal",
                "primary": true,
                "private_ip_address": "10.0.1.4",
                "private_ip_address_allocation": "Dynamic",
                "private_ip_address_version": "IPv4",
                "public_ip_address_id": "/subscriptions/bb97b408-9e37-419f-95a3-84c116ff99bd/resourceGroups/auto-hosting-rg/providers/Microsoft.Network/publicIPAddresses/web-ip",
                "subnet_id": "/subscriptions/bb97b408-9e37-419f-95a3-84c116ff99bd/resourceGroups/auto-hosting-rg/providers/Microsoft.Network/virtualNetworks/auto-hosting-vnet/subnets/web-subnet"
              }
            ],
            "location": "centralindia",
            "mac_address": "7C-1E-52-3D-24-12",
            "name": "web-nic",
            "private_ip_address": "10.0.1.4",
            "private_ip_addresses": [
              "10.0.1.4"
            ],
            "resource_group_name": "auto-hosting-rg",
            "tags": {},
            "timeouts": null,
            "virtual_machine_id": "/subscriptions/bb97b408-9e37-419f-95a3-84c116ff99bd/resourceGroups/auto-hosting-rg/providers/Microsoft.Compute/virtualMachines/web-vm"
          },
          "sensitive_attributes": [],
          "identity_schema_version": 0,
          "private": "eyJlMmJmYjczMC1lY2FhLTExZTYtOGY4OC0zNDM2M2JjN2M0YzAiOnsiY3JlYXRlIjoxODAwMDAwMDAwMDAwLCJkZWxldGUiOjE4MDAwMDAwMDAwMDAsInJlYWQiOjMwMDAwMDAwMDAwMCwidXBkYXRlIjoxODAwMDAwMDAwMDAwfX0=",
          "dependencies": [
            "azurerm_public_ip.web_ip",
            "azurerm_resource_group.rg",
            "azurerm_subnet.web_subnet",
            "azurerm_virtual_network.vnet"
          ]
        }
      ]
    },
    {
      "mode": "managed",
      "type": "azurerm_network_interface_security_group_association",
      "name": "web_nic_nsg",
      "provider": "provider[\"registry.terraform.io/hashicorp/azurerm\"]",
      "instances": [
        {
          "schema_version": 0,
          "attributes": {
            "id": "/subscriptions/bb97b408-9e37-419f-95a3-84c116ff99bd/resourceGroups/auto-hosting-rg/providers/Microsoft.Network/networkInterfaces/web-nic|/subscriptions/bb97b408-9e37-419f-95a3-84c116ff99bd/resourceGroups/auto-hosting-rg/providers/Microsoft.Network/networkSecurityGroups/web-nsg",
            "network_interface_id": "/subscriptions/bb97b408-9e37-419f-95a3-84c116ff99bd/resourceGroups/auto-hosting-rg/providers/Microsoft.Network/networkInterfaces/web-nic",
            "network_security_group_id": "/subscriptions/bb97b408-9e37-419f-95a3-84c116ff99bd/resourceGroups/auto-hosting-rg/providers/Microsoft.Network/networkSecurityGroups/web-nsg",
            "timeouts": null
          },
          "sensitive_attributes": [],
          "identity_schema_version": 0,
          "private": "eyJlMmJmYjczMC1lY2FhLTExZTYtOGY4OC0zNDM2M2JjN2M0YzAiOnsiY3JlYXRlIjoxODAwMDAwMDAwMDAwLCJkZWxldGUiOjE4MDAwMDAwMDAwMDAsInJlYWQiOjMwMDAwMDAwMDAwMH19",
          "dependencies": [
            "azurerm_network_interface.web_nic",
            "azurerm_network_security_group.web_nsg",
            "azurerm_public_ip.web_ip",
            "azurerm_resource_group.rg",
            "azurerm_subnet.web_subnet",
            "azurerm_virtual_network.vnet"
          ]
        }
      ]
    },
    {
      "mode": "managed",
      "type": "azurerm_network_security_group",
      "name": "web_nsg",
      "provider": "provider[\"registry.terraform.io/hashicorp/azurerm\"]",
      "instances": [
        {
          "schema_version": 0,
          "attributes": {
            "id": "/subscriptions/bb97b408-9e37-419f-95a3-84c116ff99bd/resourceGroups/auto-hosting-rg/providers/Microsoft.Network/networkSecurityGroups/web-nsg",
            "location": "centralindia",
            "name": "web-nsg",
            "resource_group_name": "auto-hosting-rg",
            "security_rule": [
              {
                "access": "Allow",
                "description": "",
                "destination_address_prefix": "*",
                "destination_address_prefixes": [],
                "destination_application_security_group_ids": [],
                "destination_port_range": "22",
                "destination_port_ranges": [],
                "direction": "Inbound",
                "name": "allow-ssh-from-my-ip",
                "priority": 100,
                "protocol": "Tcp",
                "source_address_prefix": "103.21.91.77/32",
                "source_address_prefixes": [],
                "source_application_security_group_ids": [],
                "source_port_range": "*",
                "source_port_ranges": []
              }
            ],
            "tags": {},
            "timeouts": null
          },
          "sensitive_attributes": [],
          "identity_schema_version": 0,
          "private": "eyJlMmJmYjczMC1lY2FhLTExZTYtOGY4OC0zNDM2M2JjN2M0YzAiOnsiY3JlYXRlIjoxODAwMDAwMDAwMDAwLCJkZWxldGUiOjE4MDAwMDAwMDAwMDAsInJlYWQiOjMwMDAwMDAwMDAwMCwidXBkYXRlIjoxODAwMDAwMDAwMDAwfX0=",
          "dependencies": [
            "azurerm_resource_group.rg"
          ]
        }
      ]
    },
    {
      "mode": "managed",
      "type": "azurerm_network_security_rule",
      "name": "allow_http",
      "provider": "provider[\"registry.terraform.io/hashicorp/azurerm\"]",
      "instances": [
        {
          "schema_version": 0,
          "attributes": {
            "access": "Allow",
            "description": "",
            "destination_address_prefix": "*",
            "destination_address_prefixes": null,
            "destination_application_security_group_ids": null,
            "destination_port_range": "80",
            "destination_port_ranges": null,
            "direction": "Inbound",
            "id": "/subscriptions/bb97b408-9e37-419f-95a3-84c116ff99bd/resourceGroups/auto-hosting-rg/providers/Microsoft.Network/networkSecurityGroups/web-nsg/securityRules/allow-http",
            "name": "allow-http",
            "network_security_group_name": "web-nsg",
            "priority": 101,
            "protocol": "Tcp",
            "resource_group_name": "auto-hosting-rg",
            "source_address_prefix": "*",
            "source_address_prefixes": null,
            "source_application_security_group_ids": null,
            "source_port_range": "*",
            "source_port_ranges": null,
            "timeouts": null
          },
          "sensitive_attributes": [],
          "identity_schema_version": 0,
          "private": "eyJlMmJmYjczMC1lY2FhLTExZTYtOGY4OC0zNDM2M2JjN2M0YzAiOnsiY3JlYXRlIjoxODAwMDAwMDAwMDAwLCJkZWxldGUiOjE4MDAwMDAwMDAwMDAsInJlYWQiOjMwMDAwMDAwMDAwMCwidXBkYXRlIjoxODAwMDAwMDAwMDAwfX0=",
          "dependencies": [
            "azurerm_network_security_group.web_nsg",
            "azurerm_resource_group.rg"
          ]
        }
      ]
    },
    {
      "mode": "managed",
      "type": "azurerm_network_security_rule",
      "name": "allow_ssh",
      "provider": "provider[\"registry.terraform.io/hashicorp/azurerm\"]",
      "instances": [
        {
          "schema_version": 0,
          "attributes": {
            "access": "Allow",
            "description": "",
            "destination_address_prefix": "*",
            "destination_address_prefixes": [],
            "destination_application_security_group_ids": [],
            "destination_port_range": "22",
            "destination_port_ranges": [],
            "direction": "Inbound",
            "id": "/subscriptions/bb97b408-9e37-419f-95a3-84c116ff99bd/resourceGroups/auto-hosting-rg/providers/Microsoft.Network/networkSecurityGroups/web-nsg/securityRules/allow-ssh-from-my-ip",
            "name": "allow-ssh-from-my-ip",
            "network_security_group_name": "web-nsg",
            "priority": 100,
            "protocol": "Tcp",
            "resource_group_name": "auto-hosting-rg",
            "source_address_prefix": "103.21.91.77/32",
            "source_address_prefixes": [],
            "source_application_security_group_ids": [],
            "source_port_range": "*",
            "source_port_ranges": [],
            "timeouts": null
          },
          "sensitive_attributes": [],
          "identity_schema_version": 0,
          "private": "eyJlMmJmYjczMC1lY2FhLTExZTYtOGY4OC0zNDM2M2JjN2M0YzAiOnsiY3JlYXRlIjoxODAwMDAwMDAwMDAwLCJkZWxldGUiOjE4MDAwMDAwMDAwMDAsInJlYWQiOjMwMDAwMDAwMDAwMCwidXBkYXRlIjoxODAwMDAwMDAwMDAwfX0=",
          "dependencies": [
            "azurerm_network_security_group.web_nsg",
            "azurerm_resource_group.rg"
          ]
        }
      ]
    },
    {
      "mode": "managed",
      "type": "azurerm_public_ip",
      "name": "web_ip",
      "provider": "provider[\"registry.terraform.io/hashicorp/azurerm\"]",
      "instances": [
        {
          "schema_version": 0,
          "attributes": {
            "allocation_method": "Static",
            "ddos_protection_mode": "VirtualNetworkInherited",
            "ddos_protection_plan_id": null,
            "domain_name_label": null,
            "edge_zone": "",
            "fqdn": null,
            "id": "/subscriptions/bb97b408-9e37-419f-95a3-84c116ff99bd/resourceGroups/auto-hosting-rg/providers/Microsoft.Network/publicIPAddresses/web-ip",
            "idle_timeout_in_minutes": 4,
            "ip_address": "98.70.121.44",
            "ip_tags": {},
            "ip_version": "IPv4",
            "location": "centralindia",
            "name": "web-ip",
            "public_ip_prefix_id": null,
            "resource_group_name": "auto-hosting-rg",
            "reverse_fqdn": null,
            "sku": "Standard",
            "sku_tier": "Regional",
            "tags": {},
            "timeouts": null,
            "zones": []
          },
          "sensitive_attributes": [],
          "identity_schema_version": 0,
          "private": "eyJlMmJmYjczMC1lY2FhLTExZTYtOGY4OC0zNDM2M2JjN2M0YzAiOnsiY3JlYXRlIjoxODAwMDAwMDAwMDAwLCJkZWxldGUiOjE4MDAwMDAwMDAwMDAsInJlYWQiOjMwMDAwMDAwMDAwMCwidXBkYXRlIjoxODAwMDAwMDAwMDAwfX0=",
          "dependencies": [
            "azurerm_resource_group.rg"
          ]
        }
      ]
    },
    {
      "mode": "managed",
      "type": "azurerm_resource_group",
      "name": "rg",
      "provider": "provider[\"registry.terraform.io/hashicorp/azurerm\"]",
      "instances": [
        {
          "schema_version": 0,
          "attributes": {
            "id": "/subscriptions/bb97b408-9e37-419f-95a3-84c116ff99bd/resourceGroups/auto-hosting-rg",
            "location": "centralindia",
            "managed_by": "",
            "name": "auto-hosting-rg",
            "tags": {},
            "timeouts": null
          },
          "sensitive_attributes": [],
          "identity_schema_version": 0,
          "private": "eyJlMmJmYjczMC1lY2FhLTExZTYtOGY4OC0zNDM2M2JjN2M0YzAiOnsiY3JlYXRlIjo1NDAwMDAwMDAwMDAwLCJkZWxldGUiOjU0MDAwMDAwMDAwMDAsInJlYWQiOjMwMDAwMDAwMDAwMCwidXBkYXRlIjo1NDAwMDAwMDAwMDAwfX0="
        }
      ]
    },
    {
      "mode": "managed",
      "type": "azurerm_subnet",
      "name": "web_subnet",
      "provider": "provider[\"registry.terraform.io/hashicorp/azurerm\"]",
      "instances": [
        {
          "schema_version": 0,
          "attributes": {
            "address_prefixes": [
              "10.0.1.0/24"
            ],
            "delegation": [],
            "enforce_private_link_endpoint_network_policies": false,
            "enforce_private_link_service_network_policies": false,
            "id": "/subscriptions/bb97b408-9e37-419f-95a3-84c116ff99bd/resourceGroups/auto-hosting-rg/providers/Microsoft.Network/virtualNetworks/auto-hosting-vnet/subnets/web-subnet",
            "name": "web-subnet",
            "private_endpoint_network_policies_enabled": true,
            "private_link_service_network_policies_enabled": true,
            "resource_group_name": "auto-hosting-rg",
            "service_endpoint_policy_ids": [],
            "service_endpoints": [],
            "timeouts": null,
            "virtual_network_name": "auto-hosting-vnet"
          },
          "sensitive_attributes": [],
          "identity_schema_version": 0,
          "private": "eyJlMmJmYjczMC1lY2FhLTExZTYtOGY4OC0zNDM2M2JjN2M0YzAiOnsiY3JlYXRlIjoxODAwMDAwMDAwMDAwLCJkZWxldGUiOjE4MDAwMDAwMDAwMDAsInJlYWQiOjMwMDAwMDAwMDAwMCwidXBkYXRlIjoxODAwMDAwMDAwMDAwfX0=",
          "dependencies": [
            "azurerm_resource_group.rg",
            "azurerm_virtual_network.vnet"
          ]
        }
      ]
    },
    {
      "mode": "managed",
      "type": "azurerm_virtual_network",
      "name": "vnet",
      "provider": "provider[\"registry.terraform.io/hashicorp/azurerm\"]",
      "instances": [
        {
          "schema_version": 0,
          "attributes": {
            "address_space": [
              "10.0.0.0/16"
            ],
            "bgp_community": "",
            "ddos_protection_plan": [],
            "dns_servers": [],
            "edge_zone": "",
            "encryption": [],
            "flow_timeout_in_minutes": 0,
            "guid": "86255c94-bcae-4280-8da8-3b86896bf9c9",
            "id": "/subscriptions/bb97b408-9e37-419f-95a3-84c116ff99bd/resourceGroups/auto-hosting-rg/providers/Microsoft.Network/virtualNetworks/auto-hosting-vnet",
            "location": "centralindia",
            "name": "auto-hosting-vnet",
            "resource_group_name": "auto-hosting-rg",
            "subnet": [
              {
                "address_prefix": "10.0.1.0/24",
                "id": "/subscriptions/bb97b408-9e37-419f-95a3-84c116ff99bd/resourceGroups/auto-hosting-rg/providers/Microsoft.Network/virtualNetworks/auto-hosting-vnet/subnets/web-subnet",
                "name": "web-subnet",
                "security_group": ""
              }
            ],
            "tags": {},
            "timeouts": null
          },
          "sensitive_attributes": [],
          "identity_schema_version": 0,
          "private": "eyJlMmJmYjczMC1lY2FhLTExZTYtOGY4OC0zNDM2M2JjN2M0YzAiOnsiY3JlYXRlIjoxODAwMDAwMDAwMDAwLCJkZWxldGUiOjE4MDAwMDAwMDAwMDAsInJlYWQiOjMwMDAwMDAwMDAwMCwidXBkYXRlIjoxODAwMDAwMDAwMDAwfX0=",
          "dependencies": [
            "azurerm_resource_group.rg"
          ]
        }
      ]
    }
  ],
  "check_results": null
}
